{
  "version": 4,
  "terraform_version": "1.15.4",
  "serial": 11,
  "lineage": "52a6af73-c6e3-d5f2-a06b-3408bee15df6",
  "outputs": {},
  "resources": [
    {
      "mode": "managed",
      "type": "local_file",
      "name": "greeting",
      "provider": "provider[\"registry.terraform.io/hashicorp/local\"]",
      "instances": [
        {
          "schema_version": 0,
          "attributes": {
            "content": "hello.txt 내용: Hello, Terraform!(fix)",
            "content_base64": null,
            "content_base64sha256": "/IQOBtNAjMlZBXkbyE1BYuvc+6cdfVMZqT4Reio0C+k=",
            "content_base64sha512": "ezfLvxHSYTM7fd5nY6n0XW5P5UiUDT7oUJ0NKZo36eNIhrHTQUGgXsNTwIFAVGCpkyaICcKSLfBrsYJefAOoNg==",
            "content_md5": "843b809b38486ed04a3fab4ecdd461de",
            "content_sha1": "ee21e6e1960c3bfc34f70e04bf173c7d035694dc",
            "content_sha256": "fc840e06d3408cc95905791bc84d4162ebdcfba71d7d5319a93e117a2a340be9",
            "content_sha512": "7b37cbbf11d261333b7dde6763a9f45d6e4fe548940d3ee8509d0d299a37e9e34886b1d34141a05ec353c081405460a993268809c2922df06bb1825e7c03a836",
            "directory_permission": "0777",
            "file_permission": "0777",
            "filename": "./output/greeting.txt",
            "id": "ee21e6e1960c3bfc34f70e04bf173c7d035694dc",
            "sensitive_content": null,
            "source": null
          },
          "sensitive_attributes": [
            [
              {
                "type": "get_attr",
                "value": "sensitive_content"
              }
            ]
          ],
          "identity_schema_version": 0,
          "dependencies": [
            "local_file.hello"
          ]
        }
      ]
    },
    {
      "mode": "managed",
      "type": "local_file",
      "name": "hello",
      "provider": "provider[\"registry.terraform.io/hashicorp/local\"]",
      "instances": [
        {
          "schema_version": 0,
          "attributes": {
            "content": "Hello, Terraform!(fix)",
            "content_base64": null,
            "content_base64sha256": "wTUjloeJdDYF6WX5XG63Ol9Um+UnBcVFJiNttxS1e1A=",
            "content_base64sha512": "utUYcx29lfV1UTjFeSGfRw/ii+yR/ZmnAIVPNZYspB1ABZSfTeDqY34IU4jtNX737WKTxPJgaVdCnEASn3fX+w==",
            "content_md5": "26c79c1dc41eb96d1df45925fc5747ab",
            "content_sha1": "ff2778bfaf8a0345aa0032e4aeb4bc3e4d53d346",
            "content_sha256": "c13523968789743605e965f95c6eb73a5f549be52705c54526236db714b57b50",
            "content_sha512": "bad518731dbd95f5755138c579219f470fe28bec91fd99a700854f35962ca41d4005949f4de0ea637e085388ed357ef7ed6293c4f2606957429c40129f77d7fb",
            "directory_permission": "0777",
            "file_permission": "0777",
            "filename": "./output/hello.txt",
            "id": "ff2778bfaf8a0345aa0032e4aeb4bc3e4d53d346",
            "sensitive_content": null,
            "source": null
          },
          "sensitive_attributes": [
            [
              {
                "type": "get_attr",
                "value": "sensitive_content"
              }
            ]
          ],
          "identity_schema_version": 0
        }
      ]
    }
  ],
  "check_results": null
}
